PODS:
  - Flutter (1.0.0)
  - image_picker (0.0.1):
    - Flutter
  - integration_test (0.0.1):
    - Flutter
  - package_info (0.0.1):
    - Flutter
  - printing (0.0.1):
    - Flutter
  - shared_preferences (0.0.1):
    - Flutter
  - url_launcher (0.0.1):
    - Flutter

DEPENDENCIES:
  - Flutter (from `Flutter`)
  - image_picker (from `.symlinks/plugins/image_picker/ios`)
  - integration_test (from `.symlinks/plugins/integration_test/ios`)
  - package_info (from `.symlinks/plugins/package_info/ios`)
  - printing (from `.symlinks/plugins/printing/ios`)
  - shared_preferences (from `.symlinks/plugins/shared_preferences/ios`)
  - url_launcher (from `.symlinks/plugins/url_launcher/ios`)

EXTERNAL SOURCES:
  Flutter:
    :path: Flutter
  image_picker:
    :path: ".symlinks/plugins/image_picker/ios"
  integration_test:
    :path: ".symlinks/plugins/integration_test/ios"
  package_info:
    :path: ".symlinks/plugins/package_info/ios"
  printing:
    :path: ".symlinks/plugins/printing/ios"
  shared_preferences:
    :path: ".symlinks/plugins/shared_preferences/ios"
  url_launcher:
    :path: ".symlinks/plugins/url_launcher/ios"

SPEC CHECKSUMS:
  Flutter: 434fef37c0980e73bb6479ef766c45957d4b510c
  image_picker: 9c3312491f862b28d21ecd8fdf0ee14e601b3f09
  integration_test: 5ed24a436eb7ec17b6a13046e9bf7ca4a404e59e
  package_info: 873975fc26034f0b863a300ad47e7f1ac6c7ec62
  printing: 5ec249946ebbd51cead5ed9b0b48113bb5141bcf
  shared_preferences: af6bfa751691cdc24be3045c43ec037377ada40d
  url_launcher: 6fef411d543ceb26efce54b05a0a40bfd74cbbef

PODFILE CHECKSUM: aafe91acc616949ddb318b77800a7f51bffa2a4c

COCOAPODS: 1.10.1
